
Microsoft Visual Studio Solution File, Format Version 12.00
# Visual Studio Version 16
VisualStudioVersion = 16.0.29503.13
MinimumVisualStudioVersion = 10.0.40219.1
Project("{8BC9CEB8-8B4A-11D0-8D11-00A0C91BC942}") = "MesTemp", "MesTemp\MesTemp.vcxproj", "{ADDA3E96-55A6-4F9A-9325-FB19F0B84ECE}"
EndProject
Global
	GlobalSection(SolutionConfigurationPlatforms) = preSolution
		Debug|x64 = Debug|x64
		Debug|x86 = Debug|x86
		Release|x64 = Release|x64
		Release|x86 = Release|x86
	EndGlobalSection
	GlobalSection(ProjectConfigurationPlatforms) = postSolution
		{ADDA3E96-55A6-4F9A-9325-FB19F0B84ECE}.Debug|x64.ActiveCfg = Debug|x64
		{ADDA3E96-55A6-4F9A-9325-FB19F0B84ECE}.Debug|x64.Build.0 = Debug|x64
		{ADDA3E96-55A6-4F9A-9325-FB19F0B84ECE}.Debug|x86.ActiveCfg = Debug|Win32
		{ADDA3E96-55A6-4F9A-9325-FB19F0B84ECE}.Debug|x86.Build.0 = Debug|Win32
		{ADDA3E96-55A6-4F9A-9325-FB19F0B84ECE}.Release|x64.ActiveCfg = Release|x64
		{ADDA3E96-55A6-4F9A-9325-FB19F0B84ECE}.Release|x64.Build.0 = Release|x64
		{ADDA3E96-55A6-4F9A-9325-FB19F0B84ECE}.Release|x86.ActiveCfg = Release|Win32
		{ADDA3E96-55A6-4F9A-9325-FB19F0B84ECE}.Release|x86.Build.0 = Release|Win32
	EndGlobalSection
	GlobalSection(SolutionProperties) = preSolution
		HideSolutionNode = FALSE
	EndGlobalSection
	GlobalSection(ExtensibilityGlobals) = postSolution
		SolutionGuid = {13650D52-B341-496F-9351-DDDDCCED4565}
	EndGlobalSection
EndGlobal
